
Microsoft Visual Studio Solution File, Format Version 12.00
# Visual Studio Version 16
VisualStudioVersion = 16.0.31105.61
MinimumVisualStudioVersion = 10.0.40219.1
Project("{9A19103F-16F7-4668-BE54-9A1E7A4F7556}") = "DockerExample", "DockerExample\DockerExample.csproj", "{69639416-586E-4A99-ABC8-2EB489847FA5}"
EndProject
Project("{E53339B2-1760-4266-BCC7-CA923CBCF16C}") = "docker-compose", "docker-compose.dcproj", "{E7126E25-7434-4094-AEE1-19197D801B07}"
EndProject
Global
	GlobalSection(SolutionConfigurationPlatforms) = preSolution
		Debug|Any CPU = Debug|Any CPU
		Release|Any CPU = Release|Any CPU
	EndGlobalSection
	GlobalSection(ProjectConfigurationPlatforms) = postSolution
		{69639416-586E-4A99-ABC8-2EB489847FA5}.Debug|Any CPU.ActiveCfg = Debug|Any CPU
		{69639416-586E-4A99-ABC8-2EB489847FA5}.Debug|Any CPU.Build.0 = Debug|Any CPU
		{69639416-586E-4A99-ABC8-2EB489847FA5}.Release|Any CPU.ActiveCfg = Release|Any CPU
		{69639416-586E-4A99-ABC8-2EB489847FA5}.Release|Any CPU.Build.0 = Release|Any CPU
		{E7126E25-7434-4094-AEE1-19197D801B07}.Debug|Any CPU.ActiveCfg = Debug|Any CPU
		{E7126E25-7434-4094-AEE1-19197D801B07}.Debug|Any CPU.Build.0 = Debug|Any CPU
		{E7126E25-7434-4094-AEE1-19197D801B07}.Release|Any CPU.ActiveCfg = Release|Any CPU
		{E7126E25-7434-4094-AEE1-19197D801B07}.Release|Any CPU.Build.0 = Release|Any CPU
	EndGlobalSection
	GlobalSection(SolutionProperties) = preSolution
		HideSolutionNode = FALSE
	EndGlobalSection
	GlobalSection(ExtensibilityGlobals) = postSolution
		SolutionGuid = {8D15575E-9BF7-465E-A474-68A8F562B940}
	EndGlobalSection
EndGlobal
